
Microsoft Visual Studio Solution File, Format Version 12.00
# Visual Studio 14
VisualStudioVersion = 14.0.23107.0
MinimumVisualStudioVersion = 10.0.40219.1
Project("{2150E333-8FDC-42A3-9474-1A3956D46DE8}") = "Web", "Web", "{C06FAC7A-2C8A-4562-8433-DA2373C06D17}"
EndProject
Project("{2150E333-8FDC-42A3-9474-1A3956D46DE8}") = "BLL", "BLL", "{D39AFA19-D4AD-45A9-8011-5A38921B2429}"
EndProject
Project("{2150E333-8FDC-42A3-9474-1A3956D46DE8}") = "DAL", "DAL", "{951253DB-6DCA-4482-92D6-FA0316AAE315}"
EndProject
Project("{2150E333-8FDC-42A3-9474-1A3956D46DE8}") = "Common", "Common", "{554D1331-8733-42AD-AC35-A9EBB9695A07}"
EndProject
Project("{2150E333-8FDC-42A3-9474-1A3956D46DE8}") = "Schemal", "Schemal", "{4D04E952-6FD1-4272-A17F-91DB709DF4FD}"
	ProjectSection(SolutionItems) = preProject
		libs\spring-objects-1.3.xsd = libs\spring-objects-1.3.xsd
	EndProjectSection
EndProject
Project("{FAE04EC0-301F-11D3-BF4B-00C04F79EFBC}") = "WebUI", "WebUI\WebUI.csproj", "{B0BA92DC-0900-4929-A50A-F0DE0D21886F}"
EndProject
Project("{FAE04EC0-301F-11D3-BF4B-00C04F79EFBC}") = "IBLL", "IBLL\IBLL.csproj", "{EAB370E0-07E8-4ECE-8784-6ACAD2DFC6DD}"
EndProject
Project("{FAE04EC0-301F-11D3-BF4B-00C04F79EFBC}") = "BLLA", "BLLA\BLLA.csproj", "{3E6AEC89-0C0D-4229-9D06-046CFFEF6B56}"
EndProject
Project("{FAE04EC0-301F-11D3-BF4B-00C04F79EFBC}") = "IDAL", "IDAL\IDAL.csproj", "{5650E893-EDBF-4869-974A-D8281777FFE0}"
EndProject
Project("{FAE04EC0-301F-11D3-BF4B-00C04F79EFBC}") = "DALSQL", "DALSQL\DALSQL.csproj", "{DEC76AC6-4266-49F3-AF54-353B21383489}"
EndProject
Project("{FAE04EC0-301F-11D3-BF4B-00C04F79EFBC}") = "Model", "Model\Model.csproj", "{9D585CEF-E647-47B3-9331-8CFCE3B2A337}"
EndProject
Project("{FAE04EC0-301F-11D3-BF4B-00C04F79EFBC}") = "DI", "DI\DI.csproj", "{9A6CA2EE-BA93-4E74-88DE-DAC2DC30E579}"
EndProject
Project("{FAE04EC0-301F-11D3-BF4B-00C04F79EFBC}") = "Common", "Common\Common.csproj", "{2E0833C9-EC42-4730-B2EB-2F6AD8A3ADE0}"
EndProject
Project("{FAE04EC0-301F-11D3-BF4B-00C04F79EFBC}") = "WebUI.Con", "WebUI.Con\WebUI.Con.csproj", "{8519C020-64F8-4B72-994A-7836878C6387}"
EndProject
Project("{FAE04EC0-301F-11D3-BF4B-00C04F79EFBC}") = "WebUI.Helper", "Web.Helper\WebUI.Helper.csproj", "{DD290AE3-8176-41E7-A36D-29AAA74A2966}"
EndProject
Project("{FAE04EC0-301F-11D3-BF4B-00C04F79EFBC}") = "WebUI.Con.Admin", "WebUI.Con.Admin\WebUI.Con.Admin.csproj", "{6B477520-9CAD-48E5-8635-401EBA7F6675}"
EndProject
Global
	GlobalSection(SolutionConfigurationPlatforms) = preSolution
		Debug|Any CPU = Debug|Any CPU
		Release|Any CPU = Release|Any CPU
	EndGlobalSection
	GlobalSection(ProjectConfigurationPlatforms) = postSolution
		{B0BA92DC-0900-4929-A50A-F0DE0D21886F}.Debug|Any CPU.ActiveCfg = Debug|Any CPU
		{B0BA92DC-0900-4929-A50A-F0DE0D21886F}.Debug|Any CPU.Build.0 = Debug|Any CPU
		{B0BA92DC-0900-4929-A50A-F0DE0D21886F}.Release|Any CPU.ActiveCfg = Release|Any CPU
		{B0BA92DC-0900-4929-A50A-F0DE0D21886F}.Release|Any CPU.Build.0 = Release|Any CPU
		{EAB370E0-07E8-4ECE-8784-6ACAD2DFC6DD}.Debug|Any CPU.ActiveCfg = Debug|Any CPU
		{EAB370E0-07E8-4ECE-8784-6ACAD2DFC6DD}.Debug|Any CPU.Build.0 = Debug|Any CPU
		{EAB370E0-07E8-4ECE-8784-6ACAD2DFC6DD}.Release|Any CPU.ActiveCfg = Release|Any CPU
		{EAB370E0-07E8-4ECE-8784-6ACAD2DFC6DD}.Release|Any CPU.Build.0 = Release|Any CPU
		{3E6AEC89-0C0D-4229-9D06-046CFFEF6B56}.Debug|Any CPU.ActiveCfg = Debug|Any CPU
		{3E6AEC89-0C0D-4229-9D06-046CFFEF6B56}.Debug|Any CPU.Build.0 = Debug|Any CPU
		{3E6AEC89-0C0D-4229-9D06-046CFFEF6B56}.Release|Any CPU.ActiveCfg = Release|Any CPU
		{3E6AEC89-0C0D-4229-9D06-046CFFEF6B56}.Release|Any CPU.Build.0 = Release|Any CPU
		{5650E893-EDBF-4869-974A-D8281777FFE0}.Debug|Any CPU.ActiveCfg = Debug|Any CPU
		{5650E893-EDBF-4869-974A-D8281777FFE0}.Debug|Any CPU.Build.0 = Debug|Any CPU
		{5650E893-EDBF-4869-974A-D8281777FFE0}.Release|Any CPU.ActiveCfg = Release|Any CPU
		{5650E893-EDBF-4869-974A-D8281777FFE0}.Release|Any CPU.Build.0 = Release|Any CPU
		{DEC76AC6-4266-49F3-AF54-353B21383489}.Debug|Any CPU.ActiveCfg = Debug|Any CPU
		{DEC76AC6-4266-49F3-AF54-353B21383489}.Debug|Any CPU.Build.0 = Debug|Any CPU
		{DEC76AC6-4266-49F3-AF54-353B21383489}.Release|Any CPU.ActiveCfg = Release|Any CPU
		{DEC76AC6-4266-49F3-AF54-353B21383489}.Release|Any CPU.Build.0 = Release|Any CPU
		{9D585CEF-E647-47B3-9331-8CFCE3B2A337}.Debug|Any CPU.ActiveCfg = Debug|Any CPU
		{9D585CEF-E647-47B3-9331-8CFCE3B2A337}.Debug|Any CPU.Build.0 = Debug|Any CPU
		{9D585CEF-E647-47B3-9331-8CFCE3B2A337}.Release|Any CPU.ActiveCfg = Release|Any CPU
		{9D585CEF-E647-47B3-9331-8CFCE3B2A337}.Release|Any CPU.Build.0 = Release|Any CPU
		{9A6CA2EE-BA93-4E74-88DE-DAC2DC30E579}.Debug|Any CPU.ActiveCfg = Debug|Any CPU
		{9A6CA2EE-BA93-4E74-88DE-DAC2DC30E579}.Debug|Any CPU.Build.0 = Debug|Any CPU
		{9A6CA2EE-BA93-4E74-88DE-DAC2DC30E579}.Release|Any CPU.ActiveCfg = Release|Any CPU
		{9A6CA2EE-BA93-4E74-88DE-DAC2DC30E579}.Release|Any CPU.Build.0 = Release|Any CPU
		{2E0833C9-EC42-4730-B2EB-2F6AD8A3ADE0}.Debug|Any CPU.ActiveCfg = Debug|Any CPU
		{2E0833C9-EC42-4730-B2EB-2F6AD8A3ADE0}.Debug|Any CPU.Build.0 = Debug|Any CPU
		{2E0833C9-EC42-4730-B2EB-2F6AD8A3ADE0}.Release|Any CPU.ActiveCfg = Release|Any CPU
		{2E0833C9-EC42-4730-B2EB-2F6AD8A3ADE0}.Release|Any CPU.Build.0 = Release|Any CPU
		{8519C020-64F8-4B72-994A-7836878C6387}.Debug|Any CPU.ActiveCfg = Debug|Any CPU
		{8519C020-64F8-4B72-994A-7836878C6387}.Debug|Any CPU.Build.0 = Debug|Any CPU
		{8519C020-64F8-4B72-994A-7836878C6387}.Release|Any CPU.ActiveCfg = Release|Any CPU
		{8519C020-64F8-4B72-994A-7836878C6387}.Release|Any CPU.Build.0 = Release|Any CPU
		{DD290AE3-8176-41E7-A36D-29AAA74A2966}.Debug|Any CPU.ActiveCfg = Debug|Any CPU
		{DD290AE3-8176-41E7-A36D-29AAA74A2966}.Debug|Any CPU.Build.0 = Debug|Any CPU
		{DD290AE3-8176-41E7-A36D-29AAA74A2966}.Release|Any CPU.ActiveCfg = Release|Any CPU
		{DD290AE3-8176-41E7-A36D-29AAA74A2966}.Release|Any CPU.Build.0 = Release|Any CPU
		{6B477520-9CAD-48E5-8635-401EBA7F6675}.Debug|Any CPU.ActiveCfg = Debug|Any CPU
		{6B477520-9CAD-48E5-8635-401EBA7F6675}.Debug|Any CPU.Build.0 = Debug|Any CPU
		{6B477520-9CAD-48E5-8635-401EBA7F6675}.Release|Any CPU.ActiveCfg = Release|Any CPU
		{6B477520-9CAD-48E5-8635-401EBA7F6675}.Release|Any CPU.Build.0 = Release|Any CPU
	EndGlobalSection
	GlobalSection(SolutionProperties) = preSolution
		HideSolutionNode = FALSE
	EndGlobalSection
	GlobalSection(NestedProjects) = preSolution
		{B0BA92DC-0900-4929-A50A-F0DE0D21886F} = {C06FAC7A-2C8A-4562-8433-DA2373C06D17}
		{EAB370E0-07E8-4ECE-8784-6ACAD2DFC6DD} = {D39AFA19-D4AD-45A9-8011-5A38921B2429}
		{3E6AEC89-0C0D-4229-9D06-046CFFEF6B56} = {D39AFA19-D4AD-45A9-8011-5A38921B2429}
		{5650E893-EDBF-4869-974A-D8281777FFE0} = {951253DB-6DCA-4482-92D6-FA0316AAE315}
		{DEC76AC6-4266-49F3-AF54-353B21383489} = {951253DB-6DCA-4482-92D6-FA0316AAE315}
		{9D585CEF-E647-47B3-9331-8CFCE3B2A337} = {554D1331-8733-42AD-AC35-A9EBB9695A07}
		{9A6CA2EE-BA93-4E74-88DE-DAC2DC30E579} = {554D1331-8733-42AD-AC35-A9EBB9695A07}
		{2E0833C9-EC42-4730-B2EB-2F6AD8A3ADE0} = {554D1331-8733-42AD-AC35-A9EBB9695A07}
		{8519C020-64F8-4B72-994A-7836878C6387} = {C06FAC7A-2C8A-4562-8433-DA2373C06D17}
		{DD290AE3-8176-41E7-A36D-29AAA74A2966} = {C06FAC7A-2C8A-4562-8433-DA2373C06D17}
		{6B477520-9CAD-48E5-8635-401EBA7F6675} = {C06FAC7A-2C8A-4562-8433-DA2373C06D17}
	EndGlobalSection
EndGlobal
